# THIS IS AN AUTOGENERATED FILE. DO NOT EDIT THIS FILE DIRECTLY.
# yarn lockfile v1


"@cubejs-backend/query-orchestrator@^0.18.4":
  version "0.18.4"
  resolved "https://registry.yarnpkg.com/@cubejs-backend/query-orchestrator/-/query-orchestrator-0.18.4.tgz#bbf62a5c73b01895954961d81732d579f8bd3af2"
  integrity sha512-UNTYcGI2MGsh5SDauMXGE7pLNrz+Ung/QOQhQ2aOWCke/wYskxMpMv1pLGipPPIihlyIGDxAIXbzjoemGRPtFw==
  dependencies:
    generic-pool "^3.7.1"
    ramda "^0.27.0"
    redis "^2.8.0"

double-ended-queue@^2.1.0-0:
  version "2.1.0-0"
  resolved "https://registry.yarnpkg.com/double-ended-queue/-/double-ended-queue-2.1.0-0.tgz#103d3527fd31528f40188130c841efdd78264e5c"
  integrity sha1-ED01J/0xUo9AGIEwyEHv3XgmTlw=

generic-pool@^3.6.0:
  version "3.6.0"
  resolved "https://registry.yarnpkg.com/generic-pool/-/generic-pool-3.6.0.tgz#34e3124d9af754c8bfee7c15906e7347dc543afc"
  integrity sha512-9tRjIJzgW+ZyYeFBhfLRUefnQwF+IFfEsUkdZB5o75/gb4OZWnYb4ZjPcZc1bl9ofhWCN2rGhXa0SQwF64jTLw==

generic-pool@^3.7.1:
  version "3.7.1"
  resolved "https://registry.yarnpkg.com/generic-pool/-/generic-pool-3.7.1.tgz#36fe5bb83e7e0e032e5d32cd05dc00f5ff119aa8"
  integrity sha512-ug6DAZoNgWm6q5KhPFA+hzXfBLFQu5sTXxPpv44DmE0A2g+CiHoq9LTVdkXpZMkYVMoGw83F6W+WT0h0MFMK/w==

long@^2.2.5:
  version "2.4.0"
  resolved "https://registry.yarnpkg.com/long/-/long-2.4.0.tgz#9fa180bb1d9500cdc29c4156766a1995e1f4524f"
  integrity sha1-n6GAux2VAM3CnEFWdmoZleH0Uk8=

node-firebird@^0.8.6:
  version "0.8.9"
  resolved "https://registry.yarnpkg.com/node-firebird/-/node-firebird-0.8.9.tgz#3b8a2d4d34004062049c064ebeabcccdcc4de708"
  integrity sha512-WFtPjr0YnTyViktIen7s2iE678aHwR9KjX6UPLk7r9PHXkMeBRMPGFkL7qXvsQuq85aP0eXIQbDI0YIBurZINw==
  dependencies:
    long "^2.2.5"

ramda@^0.27.0:
  version "0.27.0"
  resolved "https://registry.yarnpkg.com/ramda/-/ramda-0.27.0.tgz#915dc29865c0800bf3f69b8fd6c279898b59de43"
  integrity sha512-pVzZdDpWwWqEVVLshWUHjNwuVP7SfcmPraYuqocJp1yo2U1R7P+5QAfDhdItkuoGqIBnBYrtPp7rEPqDn9HlZA==

redis-commands@^1.2.0:
  version "1.4.0"
  resolved "https://registry.yarnpkg.com/redis-commands/-/redis-commands-1.4.0.tgz#52f9cf99153efcce56a8f86af986bd04e988602f"
  integrity sha512-cu8EF+MtkwI4DLIT0x9P8qNTLFhQD4jLfxLR0cCNkeGzs87FN6879JOJwNQR/1zD7aSYNbU0hgsV9zGY71Itvw==

redis-parser@^2.6.0:
  version "2.6.0"
  resolved "https://registry.yarnpkg.com/redis-parser/-/redis-parser-2.6.0.tgz#52ed09dacac108f1a631c07e9b69941e7a19504b"
  integrity sha1-Uu0J2srBCPGmMcB+m2mUHnoZUEs=

redis@^2.8.0:
  version "2.8.0"
  resolved "https://registry.yarnpkg.com/redis/-/redis-2.8.0.tgz#202288e3f58c49f6079d97af7a10e1303ae14b02"
  integrity sha512-M1OkonEQwtRmZv4tEWF2VgpG0JWJ8Fv1PhlgT5+B+uNq2cA3Rt1Yt/ryoR+vQNOQcIEgdCdfH0jr3bDpihAw1A==
  dependencies:
    double-ended-queue "^2.1.0-0"
    redis-commands "^1.2.0"
    redis-parser "^2.6.0"
